// !$*UTF8*$!
{
	archiveVersion = 1;
	classes = {
	};
	objectVersion = 56;
	objects = {

/* Begin PBXBuildFile section */
		E89771FF2A686DC50093F9AB /* AppDelegate.swift in Sources */ = {isa = PBXBuildFile; fileRef = E89771FE2A686DC50093F9AB /* AppDelegate.swift */; };
		E89772012A686DC50093F9AB /* SceneDelegate.swift in Sources */ = {isa = PBXBuildFile; fileRef = E89772002A686DC50093F9AB /* SceneDelegate.swift */; };
		E89772082A686DC60093F9AB /* Assets.xcassets in Resources */ = {isa = PBXBuildFile; fileRef = E89772072A686DC60093F9AB /* Assets.xcassets */; };
		E897720B2A686DC60093F9AB /* LaunchScreen.storyboard in Resources */ = {isa = PBXBuildFile; fileRef = E89772092A686DC60093F9AB /* LaunchScreen.storyboard */; };
		E89772162A686DC60093F9AB /* player_demoTests.swift in Sources */ = {isa = PBXBuildFile; fileRef = E89772152A686DC60093F9AB /* player_demoTests.swift */; };
		E89772202A686DC60093F9AB /* player_demoUITests.swift in Sources */ = {isa = PBXBuildFile; fileRef = E897721F2A686DC60093F9AB /* player_demoUITests.swift */; };
		E89772222A686DC60093F9AB /* player_demoUITestsLaunchTests.swift in Sources */ = {isa = PBXBuildFile; fileRef = E89772212A686DC60093F9AB /* player_demoUITestsLaunchTests.swift */; };
		E89772322A6871650093F9AB /* ApiConstants.swift in Sources */ = {isa = PBXBuildFile; fileRef = E89772312A6871650093F9AB /* ApiConstants.swift */; };
		E89772342A6871A50093F9AB /* ResourceData.swift in Sources */ = {isa = PBXBuildFile; fileRef = E89772332A6871A50093F9AB /* ResourceData.swift */; };
		E89772362A6871ED0093F9AB /* NetworkServiceProtocol.swift in Sources */ = {isa = PBXBuildFile; fileRef = E89772352A6871ED0093F9AB /* NetworkServiceProtocol.swift */; };
		E89772382A68721B0093F9AB /* NetworkService.swift in Sources */ = {isa = PBXBuildFile; fileRef = E89772372A68721B0093F9AB /* NetworkService.swift */; };
		E897723B2A6872A90093F9AB /* Publisher+Utils.swift in Sources */ = {isa = PBXBuildFile; fileRef = E897723A2A6872A90093F9AB /* Publisher+Utils.swift */; };
		E897723E2A6874C40093F9AB /* Players.swift in Sources */ = {isa = PBXBuildFile; fileRef = E897723D2A6874C40093F9AB /* Players.swift */; };
		E89772402A6874CD0093F9AB /* Player.swift in Sources */ = {isa = PBXBuildFile; fileRef = E897723F2A6874CD0093F9AB /* Player.swift */; };
		E89772432A6876150093F9AB /* ResourceData+Players.swift in Sources */ = {isa = PBXBuildFile; fileRef = E89772422A6876150093F9AB /* ResourceData+Players.swift */; };
		E89772452A6878180093F9AB /* PlayerDetails.swift in Sources */ = {isa = PBXBuildFile; fileRef = E89772442A6878180093F9AB /* PlayerDetails.swift */; };
		E89772472A687A000093F9AB /* PlayerListingUseCase.swift in Sources */ = {isa = PBXBuildFile; fileRef = E89772462A687A000093F9AB /* PlayerListingUseCase.swift */; };
		E89772492A688E530093F9AB /* Scheduler.swift in Sources */ = {isa = PBXBuildFile; fileRef = E89772482A688E530093F9AB /* Scheduler.swift */; };
		E897724D2A6913560093F9AB /* FlowProtocol.swift in Sources */ = {isa = PBXBuildFile; fileRef = E897724C2A6913560093F9AB /* FlowProtocol.swift */; };
		E89772532A6914370093F9AB /* PlayerListViewController.swift in Sources */ = {isa = PBXBuildFile; fileRef = E89772512A6914370093F9AB /* PlayerListViewController.swift */; };
		E89772542A6914370093F9AB /* PlayerListViewController.xib in Resources */ = {isa = PBXBuildFile; fileRef = E89772522A6914370093F9AB /* PlayerListViewController.xib */; };
		E89772562A6915CF0093F9AB /* AppFlowCoordinator.swift in Sources */ = {isa = PBXBuildFile; fileRef = E89772552A6915CF0093F9AB /* AppFlowCoordinator.swift */; };
		E89772582A6917380093F9AB /* FlowCoordinatorProtocol.swift in Sources */ = {isa = PBXBuildFile; fileRef = E89772572A6917380093F9AB /* FlowCoordinatorProtocol.swift */; };
		E897725A2A6917D50093F9AB /* PlayerListingFlowProtocol.swift in Sources */ = {isa = PBXBuildFile; fileRef = E89772592A6917D50093F9AB /* PlayerListingFlowProtocol.swift */; };
		E897725E2A69187E0093F9AB /* PlayerListingFlowScreenFactory.swift in Sources */ = {isa = PBXBuildFile; fileRef = E897725D2A69187E0093F9AB /* PlayerListingFlowScreenFactory.swift */; };
		E89772602A6919820093F9AB /* ServiceProvider.swift in Sources */ = {isa = PBXBuildFile; fileRef = E897725F2A6919820093F9AB /* ServiceProvider.swift */; };
		E89772622A691D520093F9AB /* PlayerListingFlowCoordinator.swift in Sources */ = {isa = PBXBuildFile; fileRef = E89772612A691D520093F9AB /* PlayerListingFlowCoordinator.swift */; };
		E89772652A69266B0093F9AB /* ViewController.swift in Sources */ = {isa = PBXBuildFile; fileRef = E89772632A69266B0093F9AB /* ViewController.swift */; };
		E89772662A69266B0093F9AB /* Main.storyboard in Resources */ = {isa = PBXBuildFile; fileRef = E89772642A69266B0093F9AB /* Main.storyboard */; };
		E89772682A6926A40093F9AB /* PlayerListViewModel.swift in Sources */ = {isa = PBXBuildFile; fileRef = E89772672A6926A40093F9AB /* PlayerListViewModel.swift */; };
		E897726A2A692CF60093F9AB /* PlayerListingViewState.swift in Sources */ = {isa = PBXBuildFile; fileRef = E89772692A692CF60093F9AB /* PlayerListingViewState.swift */; };
/* End PBXBuildFile section */

/* Begin PBXContainerItemProxy section */
		E89772122A686DC60093F9AB /* PBXContainerItemProxy */ = {
			isa = PBXContainerItemProxy;
			containerPortal = E89771F32A686DC50093F9AB /* Project object */;
			proxyType = 1;
			remoteGlobalIDString = E89771FA2A686DC50093F9AB;
			remoteInfo = "player-demo";
		};
		E897721C2A686DC60093F9AB /* PBXContainerItemProxy */ = {
			isa = PBXContainerItemProxy;
			containerPortal = E89771F32A686DC50093F9AB /* Project object */;
			proxyType = 1;
			remoteGlobalIDString = E89771FA2A686DC50093F9AB;
			remoteInfo = "player-demo";
		};
/* End PBXContainerItemProxy section */

/* Begin PBXFileReference section */
		E89771FB2A686DC50093F9AB /* player-demo.app */ = {isa = PBXFileReference; explicitFileType = wrapper.application; includeInIndex = 0; path = "player-demo.app"; sourceTree = BUILT_PRODUCTS_DIR; };
		E89771FE2A686DC50093F9AB /* AppDelegate.swift */ = {isa = PBXFileReference; lastKnownFileType = sourcecode.swift; path = AppDelegate.swift; sourceTree = "<group>"; };
		E89772002A686DC50093F9AB /* SceneDelegate.swift */ = {isa = PBXFileReference; lastKnownFileType = sourcecode.swift; path = SceneDelegate.swift; sourceTree = "<group>"; };
		E89772072A686DC60093F9AB /* Assets.xcassets */ = {isa = PBXFileReference; lastKnownFileType = folder.assetcatalog; path = Assets.xcassets; sourceTree = "<group>"; };
		E897720A2A686DC60093F9AB /* Base */ = {isa = PBXFileReference; lastKnownFileType = file.storyboard; name = Base; path = Base.lproj/LaunchScreen.storyboard; sourceTree = "<group>"; };
		E897720C2A686DC60093F9AB /* Info.plist */ = {isa = PBXFileReference; lastKnownFileType = text.plist.xml; path = Info.plist; sourceTree = "<group>"; };
		E89772112A686DC60093F9AB /* player-demoTests.xctest */ = {isa = PBXFileReference; explicitFileType = wrapper.cfbundle; includeInIndex = 0; path = "player-demoTests.xctest"; sourceTree = BUILT_PRODUCTS_DIR; };
		E89772152A686DC60093F9AB /* player_demoTests.swift */ = {isa = PBXFileReference; lastKnownFileType = sourcecode.swift; path = player_demoTests.swift; sourceTree = "<group>"; };
		E897721B2A686DC60093F9AB /* player-demoUITests.xctest */ = {isa = PBXFileReference; explicitFileType = wrapper.cfbundle; includeInIndex = 0; path = "player-demoUITests.xctest"; sourceTree = BUILT_PRODUCTS_DIR; };
		E897721F2A686DC60093F9AB /* player_demoUITests.swift */ = {isa = PBXFileReference; lastKnownFileType = sourcecode.swift; path = player_demoUITests.swift; sourceTree = "<group>"; };
		E89772212A686DC60093F9AB /* player_demoUITestsLaunchTests.swift */ = {isa = PBXFileReference; lastKnownFileType = sourcecode.swift; path = player_demoUITestsLaunchTests.swift; sourceTree = "<group>"; };
		E89772312A6871650093F9AB /* ApiConstants.swift */ = {isa = PBXFileReference; lastKnownFileType = sourcecode.swift; path = ApiConstants.swift; sourceTree = "<group>"; };
		E89772332A6871A50093F9AB /* ResourceData.swift */ = {isa = PBXFileReference; lastKnownFileType = sourcecode.swift; path = ResourceData.swift; sourceTree = "<group>"; };
		E89772352A6871ED0093F9AB /* NetworkServiceProtocol.swift */ = {isa = PBXFileReference; lastKnownFileType = sourcecode.swift; path = NetworkServiceProtocol.swift; sourceTree = "<group>"; };
		E89772372A68721B0093F9AB /* NetworkService.swift */ = {isa = PBXFileReference; lastKnownFileType = sourcecode.swift; path = NetworkService.swift; sourceTree = "<group>"; };
		E897723A2A6872A90093F9AB /* Publisher+Utils.swift */ = {isa = PBXFileReference; lastKnownFileType = sourcecode.swift; path = "Publisher+Utils.swift"; sourceTree = "<group>"; };
		E897723D2A6874C40093F9AB /* Players.swift */ = {isa = PBXFileReference; lastKnownFileType = sourcecode.swift; path = Players.swift; sourceTree = "<group>"; };
		E897723F2A6874CD0093F9AB /* Player.swift */ = {isa = PBXFileReference; lastKnownFileType = sourcecode.swift; path = Player.swift; sourceTree = "<group>"; };
		E89772422A6876150093F9AB /* ResourceData+Players.swift */ = {isa = PBXFileReference; lastKnownFileType = sourcecode.swift; path = "ResourceData+Players.swift"; sourceTree = "<group>"; };
		E89772442A6878180093F9AB /* PlayerDetails.swift */ = {isa = PBXFileReference; lastKnownFileType = sourcecode.swift; path = PlayerDetails.swift; sourceTree = "<group>"; };
		E89772462A687A000093F9AB /* PlayerListingUseCase.swift */ = {isa = PBXFileReference; lastKnownFileType = sourcecode.swift; path = PlayerListingUseCase.swift; sourceTree = "<group>"; };
		E89772482A688E530093F9AB /* Scheduler.swift */ = {isa = PBXFileReference; lastKnownFileType = sourcecode.swift; path = Scheduler.swift; sourceTree = "<group>"; };
		E897724C2A6913560093F9AB /* FlowProtocol.swift */ = {isa = PBXFileReference; lastKnownFileType = sourcecode.swift; path = FlowProtocol.swift; sourceTree = "<group>"; };
		E89772512A6914370093F9AB /* PlayerListViewController.swift */ = {isa = PBXFileReference; lastKnownFileType = sourcecode.swift; path = PlayerListViewController.swift; sourceTree = "<group>"; };
		E89772522A6914370093F9AB /* PlayerListViewController.xib */ = {isa = PBXFileReference; lastKnownFileType = file.xib; path = PlayerListViewController.xib; sourceTree = "<group>"; };
		E89772552A6915CF0093F9AB /* AppFlowCoordinator.swift */ = {isa = PBXFileReference; lastKnownFileType = sourcecode.swift; path = AppFlowCoordinator.swift; sourceTree = "<group>"; };
		E89772572A6917380093F9AB /* FlowCoordinatorProtocol.swift */ = {isa = PBXFileReference; lastKnownFileType = sourcecode.swift; path = FlowCoordinatorProtocol.swift; sourceTree = "<group>"; };
		E89772592A6917D50093F9AB /* PlayerListingFlowProtocol.swift */ = {isa = PBXFileReference; lastKnownFileType = sourcecode.swift; path = PlayerListingFlowProtocol.swift; sourceTree = "<group>"; };
		E897725D2A69187E0093F9AB /* PlayerListingFlowScreenFactory.swift */ = {isa = PBXFileReference; lastKnownFileType = sourcecode.swift; path = PlayerListingFlowScreenFactory.swift; sourceTree = "<group>"; };
		E897725F2A6919820093F9AB /* ServiceProvider.swift */ = {isa = PBXFileReference; lastKnownFileType = sourcecode.swift; path = ServiceProvider.swift; sourceTree = "<group>"; };
		E89772612A691D520093F9AB /* PlayerListingFlowCoordinator.swift */ = {isa = PBXFileReference; lastKnownFileType = sourcecode.swift; path = PlayerListingFlowCoordinator.swift; sourceTree = "<group>"; };
		E89772632A69266B0093F9AB /* ViewController.swift */ = {isa = PBXFileReference; fileEncoding = 4; lastKnownFileType = sourcecode.swift; path = ViewController.swift; sourceTree = "<group>"; };
		E89772642A69266B0093F9AB /* Main.storyboard */ = {isa = PBXFileReference; fileEncoding = 4; lastKnownFileType = file.storyboard; path = Main.storyboard; sourceTree = "<group>"; };
		E89772672A6926A40093F9AB /* PlayerListViewModel.swift */ = {isa = PBXFileReference; lastKnownFileType = sourcecode.swift; path = PlayerListViewModel.swift; sourceTree = "<group>"; };
		E89772692A692CF60093F9AB /* PlayerListingViewState.swift */ = {isa = PBXFileReference; lastKnownFileType = sourcecode.swift; path = PlayerListingViewState.swift; sourceTree = "<group>"; };
/* End PBXFileReference section */

/* Begin PBXFrameworksBuildPhase section */
		E89771F82A686DC50093F9AB /* Frameworks */ = {
			isa = PBXFrameworksBuildPhase;
			buildActionMask = 2147483647;
			files = (
			);
			runOnlyForDeploymentPostprocessing = 0;
		};
		E897720E2A686DC60093F9AB /* Frameworks */ = {
			isa = PBXFrameworksBuildPhase;
			buildActionMask = 2147483647;
			files = (
			);
			runOnlyForDeploymentPostprocessing = 0;
		};
		E89772182A686DC60093F9AB /* Frameworks */ = {
			isa = PBXFrameworksBuildPhase;
			buildActionMask = 2147483647;
			files = (
			);
			runOnlyForDeploymentPostprocessing = 0;
		};
/* End PBXFrameworksBuildPhase section */

/* Begin PBXGroup section */
		E89771F22A686DC50093F9AB = {
			isa = PBXGroup;
			children = (
				E89771FD2A686DC50093F9AB /* player-demo */,
				E89772142A686DC60093F9AB /* player-demoTests */,
				E897721E2A686DC60093F9AB /* player-demoUITests */,
				E89771FC2A686DC50093F9AB /* Products */,
			);
			sourceTree = "<group>";
		};
		E89771FC2A686DC50093F9AB /* Products */ = {
			isa = PBXGroup;
			children = (
				E89771FB2A686DC50093F9AB /* player-demo.app */,
				E89772112A686DC60093F9AB /* player-demoTests.xctest */,
				E897721B2A686DC60093F9AB /* player-demoUITests.xctest */,
			);
			name = Products;
			sourceTree = "<group>";
		};
		E89771FD2A686DC50093F9AB /* player-demo */ = {
			isa = PBXGroup;
			children = (
				E897722E2A686F530093F9AB /* Sources */,
				E89772072A686DC60093F9AB /* Assets.xcassets */,
				E89772092A686DC60093F9AB /* LaunchScreen.storyboard */,
				E897720C2A686DC60093F9AB /* Info.plist */,
			);
			path = "player-demo";
			sourceTree = "<group>";
		};
		E89772142A686DC60093F9AB /* player-demoTests */ = {
			isa = PBXGroup;
			children = (
				E89772152A686DC60093F9AB /* player_demoTests.swift */,
			);
			path = "player-demoTests";
			sourceTree = "<group>";
		};
		E897721E2A686DC60093F9AB /* player-demoUITests */ = {
			isa = PBXGroup;
			children = (
				E897721F2A686DC60093F9AB /* player_demoUITests.swift */,
				E89772212A686DC60093F9AB /* player_demoUITestsLaunchTests.swift */,
			);
			path = "player-demoUITests";
			sourceTree = "<group>";
		};
		E897722E2A686F530093F9AB /* Sources */ = {
			isa = PBXGroup;
			children = (
				E897724B2A6913410093F9AB /* AppFlow */,
				E897724A2A6912620093F9AB /* Screens */,
				E89772412A6875E60093F9AB /* UseCases */,
				E897723C2A6874A90093F9AB /* Models */,
				E89772392A6872960093F9AB /* Utils */,
				E897722F2A6871320093F9AB /* Services */,
				E89771FE2A686DC50093F9AB /* AppDelegate.swift */,
				E89772002A686DC50093F9AB /* SceneDelegate.swift */,
				E89772642A69266B0093F9AB /* Main.storyboard */,
				E89772632A69266B0093F9AB /* ViewController.swift */,
			);
			path = Sources;
			sourceTree = "<group>";
		};
		E897722F2A6871320093F9AB /* Services */ = {
			isa = PBXGroup;
			children = (
				E89772302A6871450093F9AB /* Network */,
				E897725F2A6919820093F9AB /* ServiceProvider.swift */,
			);
			path = Services;
			sourceTree = "<group>";
		};
		E89772302A6871450093F9AB /* Network */ = {
			isa = PBXGroup;
			children = (
				E89772312A6871650093F9AB /* ApiConstants.swift */,
				E89772332A6871A50093F9AB /* ResourceData.swift */,
				E89772352A6871ED0093F9AB /* NetworkServiceProtocol.swift */,
				E89772372A68721B0093F9AB /* NetworkService.swift */,
				E89772482A688E530093F9AB /* Scheduler.swift */,
			);
			path = Network;
			sourceTree = "<group>";
		};
		E89772392A6872960093F9AB /* Utils */ = {
			isa = PBXGroup;
			children = (
				E897723A2A6872A90093F9AB /* Publisher+Utils.swift */,
			);
			path = Utils;
			sourceTree = "<group>";
		};
		E897723C2A6874A90093F9AB /* Models */ = {
			isa = PBXGroup;
			children = (
				E897723D2A6874C40093F9AB /* Players.swift */,
				E897723F2A6874CD0093F9AB /* Player.swift */,
				E89772442A6878180093F9AB /* PlayerDetails.swift */,
			);
			path = Models;
			sourceTree = "<group>";
		};
		E89772412A6875E60093F9AB /* UseCases */ = {
			isa = PBXGroup;
			children = (
				E89772422A6876150093F9AB /* ResourceData+Players.swift */,
				E89772462A687A000093F9AB /* PlayerListingUseCase.swift */,
			);
			path = UseCases;
			sourceTree = "<group>";
		};
		E897724A2A6912620093F9AB /* Screens */ = {
			isa = PBXGroup;
			children = (
				E89772502A6914110093F9AB /* PlayerListScreen */,
			);
			path = Screens;
			sourceTree = "<group>";
		};
		E897724B2A6913410093F9AB /* AppFlow */ = {
			isa = PBXGroup;
			children = (
				E897724C2A6913560093F9AB /* FlowProtocol.swift */,
				E89772552A6915CF0093F9AB /* AppFlowCoordinator.swift */,
				E89772572A6917380093F9AB /* FlowCoordinatorProtocol.swift */,
				E897725C2A6918460093F9AB /* PlayerListingFlow */,
			);
			path = AppFlow;
			sourceTree = "<group>";
		};
		E89772502A6914110093F9AB /* PlayerListScreen */ = {
			isa = PBXGroup;
			children = (
				E89772512A6914370093F9AB /* PlayerListViewController.swift */,
				E89772522A6914370093F9AB /* PlayerListViewController.xib */,
				E89772672A6926A40093F9AB /* PlayerListViewModel.swift */,
				E89772692A692CF60093F9AB /* PlayerListingViewState.swift */,
			);
			path = PlayerListScreen;
			sourceTree = "<group>";
		};
		E897725C2A6918460093F9AB /* PlayerListingFlow */ = {
			isa = PBXGroup;
			children = (
				E89772592A6917D50093F9AB /* PlayerListingFlowProtocol.swift */,
				E897725D2A69187E0093F9AB /* PlayerListingFlowScreenFactory.swift */,
				E89772612A691D520093F9AB /* PlayerListingFlowCoordinator.swift */,
			);
			path = PlayerListingFlow;
			sourceTree = "<group>";
		};
/* End PBXGroup section */

/* Begin PBXNativeTarget section */
		E89771FA2A686DC50093F9AB /* player-demo */ = {
			isa = PBXNativeTarget;
			buildConfigurationList = E89772252A686DC60093F9AB /* Build configuration list for PBXNativeTarget "player-demo" */;
			buildPhases = (
				E89771F72A686DC50093F9AB /* Sources */,
				E89771F82A686DC50093F9AB /* Frameworks */,
				E89771F92A686DC50093F9AB /* Resources */,
			);
			buildRules = (
			);
			dependencies = (
			);
			name = "player-demo";
			productName = "player-demo";
			productReference = E89771FB2A686DC50093F9AB /* player-demo.app */;
			productType = "com.apple.product-type.application";
		};
		E89772102A686DC60093F9AB /* player-demoTests */ = {
			isa = PBXNativeTarget;
			buildConfigurationList = E89772282A686DC60093F9AB /* Build configuration list for PBXNativeTarget "player-demoTests" */;
			buildPhases = (
				E897720D2A686DC60093F9AB /* Sources */,
				E897720E2A686DC60093F9AB /* Frameworks */,
				E897720F2A686DC60093F9AB /* Resources */,
			);
			buildRules = (
			);
			dependencies = (
				E89772132A686DC60093F9AB /* PBXTargetDependency */,
			);
			name = "player-demoTests";
			productName = "player-demoTests";
			productReference = E89772112A686DC60093F9AB /* player-demoTests.xctest */;
			productType = "com.apple.product-type.bundle.unit-test";
		};
		E897721A2A686DC60093F9AB /* player-demoUITests */ = {
			isa = PBXNativeTarget;
			buildConfigurationList = E897722B2A686DC60093F9AB /* Build configuration list for PBXNativeTarget "player-demoUITests" */;
			buildPhases = (
				E89772172A686DC60093F9AB /* Sources */,
				E89772182A686DC60093F9AB /* Frameworks */,
				E89772192A686DC60093F9AB /* Resources */,
			);
			buildRules = (
			);
			dependencies = (
				E897721D2A686DC60093F9AB /* PBXTargetDependency */,
			);
			name = "player-demoUITests";
			productName = "player-demoUITests";
			productReference = E897721B2A686DC60093F9AB /* player-demoUITests.xctest */;
			productType = "com.apple.product-type.bundle.ui-testing";
		};
/* End PBXNativeTarget section */

/* Begin PBXProject section */
		E89771F32A686DC50093F9AB /* Project object */ = {
			isa = PBXProject;
			attributes = {
				BuildIndependentTargetsInParallel = 1;
				LastSwiftUpdateCheck = 1430;
				LastUpgradeCheck = 1430;
				TargetAttributes = {
					E89771FA2A686DC50093F9AB = {
						CreatedOnToolsVersion = 14.3.1;
					};
					E89772102A686DC60093F9AB = {
						CreatedOnToolsVersion = 14.3.1;
						TestTargetID = E89771FA2A686DC50093F9AB;
					};
					E897721A2A686DC60093F9AB = {
						CreatedOnToolsVersion = 14.3.1;
						TestTargetID = E89771FA2A686DC50093F9AB;
					};
				};
			};
			buildConfigurationList = E89771F62A686DC50093F9AB /* Build configuration list for PBXProject "player-demo" */;
			compatibilityVersion = "Xcode 14.0";
			developmentRegion = en;
			hasScannedForEncodings = 0;
			knownRegions = (
				en,
				Base,
			);
			mainGroup = E89771F22A686DC50093F9AB;
			productRefGroup = E89771FC2A686DC50093F9AB /* Products */;
			projectDirPath = "";
			projectRoot = "";
			targets = (
				E89771FA2A686DC50093F9AB /* player-demo */,
				E89772102A686DC60093F9AB /* player-demoTests */,
				E897721A2A686DC60093F9AB /* player-demoUITests */,
			);
		};
/* End PBXProject section */

/* Begin PBXResourcesBuildPhase section */
		E89771F92A686DC50093F9AB /* Resources */ = {
			isa = PBXResourcesBuildPhase;
			buildActionMask = 2147483647;
			files = (
				E897720B2A686DC60093F9AB /* LaunchScreen.storyboard in Resources */,
				E89772542A6914370093F9AB /* PlayerListViewController.xib in Resources */,
				E89772082A686DC60093F9AB /* Assets.xcassets in Resources */,
				E89772662A69266B0093F9AB /* Main.storyboard in Resources */,
			);
			runOnlyForDeploymentPostprocessing = 0;
		};
		E897720F2A686DC60093F9AB /* Resources */ = {
			isa = PBXResourcesBuildPhase;
			buildActionMask = 2147483647;
			files = (
			);
			runOnlyForDeploymentPostprocessing = 0;
		};
		E89772192A686DC60093F9AB /* Resources */ = {
			isa = PBXResourcesBuildPhase;
			buildActionMask = 2147483647;
			files = (
			);
			runOnlyForDeploymentPostprocessing = 0;
		};
/* End PBXResourcesBuildPhase section */

/* Begin PBXSourcesBuildPhase section */
		E89771F72A686DC50093F9AB /* Sources */ = {
			isa = PBXSourcesBuildPhase;
			buildActionMask = 2147483647;
			files = (
				E89772472A687A000093F9AB /* PlayerListingUseCase.swift in Sources */,
				E89772492A688E530093F9AB /* Scheduler.swift in Sources */,
				E897723E2A6874C40093F9AB /* Players.swift in Sources */,
				E89772582A6917380093F9AB /* FlowCoordinatorProtocol.swift in Sources */,
				E89772652A69266B0093F9AB /* ViewController.swift in Sources */,
				E89772322A6871650093F9AB /* ApiConstants.swift in Sources */,
				E89772432A6876150093F9AB /* ResourceData+Players.swift in Sources */,
				E897723B2A6872A90093F9AB /* Publisher+Utils.swift in Sources */,
				E89772452A6878180093F9AB /* PlayerDetails.swift in Sources */,
				E89772532A6914370093F9AB /* PlayerListViewController.swift in Sources */,
				E897726A2A692CF60093F9AB /* PlayerListingViewState.swift in Sources */,
				E89772562A6915CF0093F9AB /* AppFlowCoordinator.swift in Sources */,
				E89772362A6871ED0093F9AB /* NetworkServiceProtocol.swift in Sources */,
				E89772682A6926A40093F9AB /* PlayerListViewModel.swift in Sources */,
				E89771FF2A686DC50093F9AB /* AppDelegate.swift in Sources */,
				E89772342A6871A50093F9AB /* ResourceData.swift in Sources */,
				E897725A2A6917D50093F9AB /* PlayerListingFlowProtocol.swift in Sources */,
				E89772012A686DC50093F9AB /* SceneDelegate.swift in Sources */,
				E89772402A6874CD0093F9AB /* Player.swift in Sources */,
				E89772382A68721B0093F9AB /* NetworkService.swift in Sources */,
				E897725E2A69187E0093F9AB /* PlayerListingFlowScreenFactory.swift in Sources */,
				E89772602A6919820093F9AB /* ServiceProvider.swift in Sources */,
				E897724D2A6913560093F9AB /* FlowProtocol.swift in Sources */,
				E89772622A691D520093F9AB /* PlayerListingFlowCoordinator.swift in Sources */,
			);
			runOnlyForDeploymentPostprocessing = 0;
		};
		E897720D2A686DC60093F9AB /* Sources */ = {
			isa = PBXSourcesBuildPhase;
			buildActionMask = 2147483647;
			files = (
				E89772162A686DC60093F9AB /* player_demoTests.swift in Sources */,
			);
			runOnlyForDeploymentPostprocessing = 0;
		};
		E89772172A686DC60093F9AB /* Sources */ = {
			isa = PBXSourcesBuildPhase;
			buildActionMask = 2147483647;
			files = (
				E89772222A686DC60093F9AB /* player_demoUITestsLaunchTests.swift in Sources */,
				E89772202A686DC60093F9AB /* player_demoUITests.swift in Sources */,
			);
			runOnlyForDeploymentPostprocessing = 0;
		};
/* End PBXSourcesBuildPhase section */

/* Begin PBXTargetDependency section */
		E89772132A686DC60093F9AB /* PBXTargetDependency */ = {
			isa = PBXTargetDependency;
			target = E89771FA2A686DC50093F9AB /* player-demo */;
			targetProxy = E89772122A686DC60093F9AB /* PBXContainerItemProxy */;
		};
		E897721D2A686DC60093F9AB /* PBXTargetDependency */ = {
			isa = PBXTargetDependency;
			target = E89771FA2A686DC50093F9AB /* player-demo */;
			targetProxy = E897721C2A686DC60093F9AB /* PBXContainerItemProxy */;
		};
/* End PBXTargetDependency section */

/* Begin PBXVariantGroup section */
		E89772092A686DC60093F9AB /* LaunchScreen.storyboard */ = {
			isa = PBXVariantGroup;
			children = (
				E897720A2A686DC60093F9AB /* Base */,
			);
			name = LaunchScreen.storyboard;
			sourceTree = "<group>";
		};
/* End PBXVariantGroup section */

/* Begin XCBuildConfiguration section */
		E89772232A686DC60093F9AB /* Debug */ = {
			isa = XCBuildConfiguration;
			buildSettings = {
				ALWAYS_SEARCH_USER_PATHS = NO;
				CLANG_ANALYZER_NONNULL = YES;
				CLANG_ANALYZER_NUMBER_OBJECT_CONVERSION = YES_AGGRESSIVE;
				CLANG_CXX_LANGUAGE_STANDARD = "gnu++20";
				CLANG_ENABLE_MODULES = YES;
				CLANG_ENABLE_OBJC_ARC = YES;
				CLANG_ENABLE_OBJC_WEAK = YES;
				CLANG_WARN_BLOCK_CAPTURE_AUTORELEASING = YES;
				CLANG_WARN_BOOL_CONVERSION = YES;
				CLANG_WARN_COMMA = YES;
				CLANG_WARN_CONSTANT_CONVERSION = YES;
				CLANG_WARN_DEPRECATED_OBJC_IMPLEMENTATIONS = YES;
				CLANG_WARN_DIRECT_OBJC_ISA_USAGE = YES_ERROR;
				CLANG_WARN_DOCUMENTATION_COMMENTS = YES;
				CLANG_WARN_EMPTY_BODY = YES;
				CLANG_WARN_ENUM_CONVERSION = YES;
				CLANG_WARN_INFINITE_RECURSION = YES;
				CLANG_WARN_INT_CONVERSION = YES;
				CLANG_WARN_NON_LITERAL_NULL_CONVERSION = YES;
				CLANG_WARN_OBJC_IMPLICIT_RETAIN_SELF = YES;
				CLANG_WARN_OBJC_LITERAL_CONVERSION = YES;
				CLANG_WARN_OBJC_ROOT_CLASS = YES_ERROR;
				CLANG_WARN_QUOTED_INCLUDE_IN_FRAMEWORK_HEADER = YES;
				CLANG_WARN_RANGE_LOOP_ANALYSIS = YES;
				CLANG_WARN_STRICT_PROTOTYPES = YES;
				CLANG_WARN_SUSPICIOUS_MOVE = YES;
				CLANG_WARN_UNGUARDED_AVAILABILITY = YES_AGGRESSIVE;
				CLANG_WARN_UNREACHABLE_CODE = YES;
				CLANG_WARN__DUPLICATE_METHOD_MATCH = YES;
				COPY_PHASE_STRIP = NO;
				DEBUG_INFORMATION_FORMAT = dwarf;
				ENABLE_STRICT_OBJC_MSGSEND = YES;
				ENABLE_TESTABILITY = YES;
				GCC_C_LANGUAGE_STANDARD = gnu11;
				GCC_DYNAMIC_NO_PIC = NO;
				GCC_NO_COMMON_BLOCKS = YES;
				GCC_OPTIMIZATION_LEVEL = 0;
				GCC_PREPROCESSOR_DEFINITIONS = (
					"DEBUG=1",
					"$(inherited)",
				);
				GCC_WARN_64_TO_32_BIT_CONVERSION = YES;
				GCC_WARN_ABOUT_RETURN_TYPE = YES_ERROR;
				GCC_WARN_UNDECLARED_SELECTOR = YES;
				GCC_WARN_UNINITIALIZED_AUTOS = YES_AGGRESSIVE;
				GCC_WARN_UNUSED_FUNCTION = YES;
				GCC_WARN_UNUSED_VARIABLE = YES;
				IPHONEOS_DEPLOYMENT_TARGET = 16.4;
				MTL_ENABLE_DEBUG_INFO = INCLUDE_SOURCE;
				MTL_FAST_MATH = YES;
				ONLY_ACTIVE_ARCH = YES;
				SDKROOT = iphoneos;
				SWIFT_ACTIVE_COMPILATION_CONDITIONS = DEBUG;
				SWIFT_OPTIMIZATION_LEVEL = "-Onone";
			};
			name = Debug;
		};
		E89772242A686DC60093F9AB /* Release */ = {
			isa = XCBuildConfiguration;
			buildSettings = {
				ALWAYS_SEARCH_USER_PATHS = NO;
				CLANG_ANALYZER_NONNULL = YES;
				CLANG_ANALYZER_NUMBER_OBJECT_CONVERSION = YES_AGGRESSIVE;
				CLANG_CXX_LANGUAGE_STANDARD = "gnu++20";
				CLANG_ENABLE_MODULES = YES;
				CLANG_ENABLE_OBJC_ARC = YES;
				CLANG_ENABLE_OBJC_WEAK = YES;
				CLANG_WARN_BLOCK_CAPTURE_AUTORELEASING = YES;
				CLANG_WARN_BOOL_CONVERSION = YES;
				CLANG_WARN_COMMA = YES;
				CLANG_WARN_CONSTANT_CONVERSION = YES;
				CLANG_WARN_DEPRECATED_OBJC_IMPLEMENTATIONS = YES;
				CLANG_WARN_DIRECT_OBJC_ISA_USAGE = YES_ERROR;
				CLANG_WARN_DOCUMENTATION_COMMENTS = YES;
				CLANG_WARN_EMPTY_BODY = YES;
				CLANG_WARN_ENUM_CONVERSION = YES;
				CLANG_WARN_INFINITE_RECURSION = YES;
				CLANG_WARN_INT_CONVERSION = YES;
				CLANG_WARN_NON_LITERAL_NULL_CONVERSION = YES;
				CLANG_WARN_OBJC_IMPLICIT_RETAIN_SELF = YES;
				CLANG_WARN_OBJC_LITERAL_CONVERSION = YES;
				CLANG_WARN_OBJC_ROOT_CLASS = YES_ERROR;
				CLANG_WARN_QUOTED_INCLUDE_IN_FRAMEWORK_HEADER = YES;
				CLANG_WARN_RANGE_LOOP_ANALYSIS = YES;
				CLANG_WARN_STRICT_PROTOTYPES = YES;
				CLANG_WARN_SUSPICIOUS_MOVE = YES;
				CLANG_WARN_UNGUARDED_AVAILABILITY = YES_AGGRESSIVE;
				CLANG_WARN_UNREACHABLE_CODE = YES;
				CLANG_WARN__DUPLICATE_METHOD_MATCH = YES;
				COPY_PHASE_STRIP = NO;
				DEBUG_INFORMATION_FORMAT = "dwarf-with-dsym";
				ENABLE_NS_ASSERTIONS = NO;
				ENABLE_STRICT_OBJC_MSGSEND = YES;
				GCC_C_LANGUAGE_STANDARD = gnu11;
				GCC_NO_COMMON_BLOCKS = YES;
				GCC_WARN_64_TO_32_BIT_CONVERSION = YES;
				GCC_WARN_ABOUT_RETURN_TYPE = YES_ERROR;
				GCC_WARN_UNDECLARED_SELECTOR = YES;
				GCC_WARN_UNINITIALIZED_AUTOS = YES_AGGRESSIVE;
				GCC_WARN_UNUSED_FUNCTION = YES;
				GCC_WARN_UNUSED_VARIABLE = YES;
				IPHONEOS_DEPLOYMENT_TARGET = 16.4;
				MTL_ENABLE_DEBUG_INFO = NO;
				MTL_FAST_MATH = YES;
				SDKROOT = iphoneos;
				SWIFT_COMPILATION_MODE = wholemodule;
				SWIFT_OPTIMIZATION_LEVEL = "-O";
				VALIDATE_PRODUCT = YES;
			};
			name = Release;
		};
		E89772262A686DC60093F9AB /* Debug */ = {
			isa = XCBuildConfiguration;
			buildSettings = {
				ASSETCATALOG_COMPILER_APPICON_NAME = AppIcon;
				ASSETCATALOG_COMPILER_GLOBAL_ACCENT_COLOR_NAME = AccentColor;
				CODE_SIGN_STYLE = Automatic;
				CURRENT_PROJECT_VERSION = 1;
				GENERATE_INFOPLIST_FILE = YES;
				INFOPLIST_FILE = "player-demo/Info.plist";
				INFOPLIST_KEY_UIApplicationSupportsIndirectInputEvents = YES;
				INFOPLIST_KEY_UILaunchStoryboardName = LaunchScreen;
				INFOPLIST_KEY_UIMainStoryboardFile = Main;
				INFOPLIST_KEY_UISupportedInterfaceOrientations_iPad = "UIInterfaceOrientationPortrait UIInterfaceOrientationPortraitUpsideDown UIInterfaceOrientationLandscapeLeft UIInterfaceOrientationLandscapeRight";
				INFOPLIST_KEY_UISupportedInterfaceOrientations_iPhone = "UIInterfaceOrientationPortrait UIInterfaceOrientationLandscapeLeft UIInterfaceOrientationLandscapeRight";
				LD_RUNPATH_SEARCH_PATHS = (
					"$(inherited)",
					"@executable_path/Frameworks",
				);
				MARKETING_VERSION = 1.0;
				PRODUCT_BUNDLE_IDENTIFIER = "edwin.wilson.personal.projects.player-demo";
				PRODUCT_NAME = "$(TARGET_NAME)";
				SWIFT_EMIT_LOC_STRINGS = YES;
				SWIFT_VERSION = 5.0;
				TARGETED_DEVICE_FAMILY = "1,2";
			};
			name = Debug;
		};
		E89772272A686DC60093F9AB /* Release */ = {
			isa = XCBuildConfiguration;
			buildSettings = {
				ASSETCATALOG_COMPILER_APPICON_NAME = AppIcon;
				ASSETCATALOG_COMPILER_GLOBAL_ACCENT_COLOR_NAME = AccentColor;
				CODE_SIGN_STYLE = Automatic;
				CURRENT_PROJECT_VERSION = 1;
				GENERATE_INFOPLIST_FILE = YES;
				INFOPLIST_FILE = "player-demo/Info.plist";
				INFOPLIST_KEY_UIApplicationSupportsIndirectInputEvents = YES;
				INFOPLIST_KEY_UILaunchStoryboardName = LaunchScreen;
				INFOPLIST_KEY_UIMainStoryboardFile = Main;
				INFOPLIST_KEY_UISupportedInterfaceOrientations_iPad = "UIInterfaceOrientationPortrait UIInterfaceOrientationPortraitUpsideDown UIInterfaceOrientationLandscapeLeft UIInterfaceOrientationLandscapeRight";
				INFOPLIST_KEY_UISupportedInterfaceOrientations_iPhone = "UIInterfaceOrientationPortrait UIInterfaceOrientationLandscapeLeft UIInterfaceOrientationLandscapeRight";
				LD_RUNPATH_SEARCH_PATHS = (
					"$(inherited)",
					"@executable_path/Frameworks",
				);
				MARKETING_VERSION = 1.0;
				PRODUCT_BUNDLE_IDENTIFIER = "edwin.wilson.personal.projects.player-demo";
				PRODUCT_NAME = "$(TARGET_NAME)";
				SWIFT_EMIT_LOC_STRINGS = YES;
				SWIFT_VERSION = 5.0;
				TARGETED_DEVICE_FAMILY = "1,2";
			};
			name = Release;
		};
		E89772292A686DC60093F9AB /* Debug */ = {
			isa = XCBuildConfiguration;
			buildSettings = {
				ALWAYS_EMBED_SWIFT_STANDARD_LIBRARIES = YES;
				BUNDLE_LOADER = "$(TEST_HOST)";
				CODE_SIGN_STYLE = Automatic;
				CURRENT_PROJECT_VERSION = 1;
				GENERATE_INFOPLIST_FILE = YES;
				IPHONEOS_DEPLOYMENT_TARGET = 16.4;
				MARKETING_VERSION = 1.0;
				PRODUCT_BUNDLE_IDENTIFIER = "edwin.wilson.personal.projects.player-demoTests";
				PRODUCT_NAME = "$(TARGET_NAME)";
				SWIFT_EMIT_LOC_STRINGS = NO;
				SWIFT_VERSION = 5.0;
				TARGETED_DEVICE_FAMILY = "1,2";
				TEST_HOST = "$(BUILT_PRODUCTS_DIR)/player-demo.app/$(BUNDLE_EXECUTABLE_FOLDER_PATH)/player-demo";
			};
			name = Debug;
		};
		E897722A2A686DC60093F9AB /* Release */ = {
			isa = XCBuildConfiguration;
			buildSettings = {
				ALWAYS_EMBED_SWIFT_STANDARD_LIBRARIES = YES;
				BUNDLE_LOADER = "$(TEST_HOST)";
				CODE_SIGN_STYLE = Automatic;
				CURRENT_PROJECT_VERSION = 1;
				GENERATE_INFOPLIST_FILE = YES;
				IPHONEOS_DEPLOYMENT_TARGET = 16.4;
				MARKETING_VERSION = 1.0;
				PRODUCT_BUNDLE_IDENTIFIER = "edwin.wilson.personal.projects.player-demoTests";
				PRODUCT_NAME = "$(TARGET_NAME)";
				SWIFT_EMIT_LOC_STRINGS = NO;
				SWIFT_VERSION = 5.0;
				TARGETED_DEVICE_FAMILY = "1,2";
				TEST_HOST = "$(BUILT_PRODUCTS_DIR)/player-demo.app/$(BUNDLE_EXECUTABLE_FOLDER_PATH)/player-demo";
			};
			name = Release;
		};
		E897722C2A686DC60093F9AB /* Debug */ = {
			isa = XCBuildConfiguration;
			buildSettings = {
				ALWAYS_EMBED_SWIFT_STANDARD_LIBRARIES = YES;
				CODE_SIGN_STYLE = Automatic;
				CURRENT_PROJECT_VERSION = 1;
				GENERATE_INFOPLIST_FILE = YES;
				MARKETING_VERSION = 1.0;
				PRODUCT_BUNDLE_IDENTIFIER = "edwin.wilson.personal.projects.player-demoUITests";
				PRODUCT_NAME = "$(TARGET_NAME)";
				SWIFT_EMIT_LOC_STRINGS = NO;
				SWIFT_VERSION = 5.0;
				TARGETED_DEVICE_FAMILY = "1,2";
				TEST_TARGET_NAME = "player-demo";
			};
			name = Debug;
		};
		E897722D2A686DC60093F9AB /* Release */ = {
			isa = XCBuildConfiguration;
			buildSettings = {
				ALWAYS_EMBED_SWIFT_STANDARD_LIBRARIES = YES;
				CODE_SIGN_STYLE = Automatic;
				CURRENT_PROJECT_VERSION = 1;
				GENERATE_INFOPLIST_FILE = YES;
				MARKETING_VERSION = 1.0;
				PRODUCT_BUNDLE_IDENTIFIER = "edwin.wilson.personal.projects.player-demoUITests";
				PRODUCT_NAME = "$(TARGET_NAME)";
				SWIFT_EMIT_LOC_STRINGS = NO;
				SWIFT_VERSION = 5.0;
				TARGETED_DEVICE_FAMILY = "1,2";
				TEST_TARGET_NAME = "player-demo";
			};
			name = Release;
		};
/* End XCBuildConfiguration section */

/* Begin XCConfigurationList section */
		E89771F62A686DC50093F9AB /* Build configuration list for PBXProject "player-demo" */ = {
			isa = XCConfigurationList;
			buildConfigurations = (
				E89772232A686DC60093F9AB /* Debug */,
				E89772242A686DC60093F9AB /* Release */,
			);
			defaultConfigurationIsVisible = 0;
			defaultConfigurationName = Release;
		};
		E89772252A686DC60093F9AB /* Build configuration list for PBXNativeTarget "player-demo" */ = {
			isa = XCConfigurationList;
			buildConfigurations = (
				E89772262A686DC60093F9AB /* Debug */,
				E89772272A686DC60093F9AB /* Release */,
			);
			defaultConfigurationIsVisible = 0;
			defaultConfigurationName = Release;
		};
		E89772282A686DC60093F9AB /* Build configuration list for PBXNativeTarget "player-demoTests" */ = {
			isa = XCConfigurationList;
			buildConfigurations = (
				E89772292A686DC60093F9AB /* Debug */,
				E897722A2A686DC60093F9AB /* Release */,
			);
			defaultConfigurationIsVisible = 0;
			defaultConfigurationName = Release;
		};
		E897722B2A686DC60093F9AB /* Build configuration list for PBXNativeTarget "player-demoUITests" */ = {
			isa = XCConfigurationList;
			buildConfigurations = (
				E897722C2A686DC60093F9AB /* Debug */,
				E897722D2A686DC60093F9AB /* Release */,
			);
			defaultConfigurationIsVisible = 0;
			defaultConfigurationName = Release;
		};
/* End XCConfigurationList section */
	};
	rootObject = E89771F32A686DC50093F9AB /* Project object */;
}
